// !$*UTF8*$!
{
	archiveVersion = 1;
	classes = {
	};
	objectVersion = 50;
	objects = {

/* Begin PBXBuildFile section */
		DD78B0E0267CDA4E00B892DF /* AppDelegate.swift in Sources */ = {isa = PBXBuildFile; fileRef = DD78B0DF267CDA4E00B892DF /* AppDelegate.swift */; };
		DD78B0E2267CDA4E00B892DF /* SceneDelegate.swift in Sources */ = {isa = PBXBuildFile; fileRef = DD78B0E1267CDA4E00B892DF /* SceneDelegate.swift */; };
		DD78B0E4267CDA4E00B892DF /* ViewController.swift in Sources */ = {isa = PBXBuildFile; fileRef = DD78B0E3267CDA4E00B892DF /* ViewController.swift */; };
		DD78B0E7267CDA4E00B892DF /* Main.storyboard in Resources */ = {isa = PBXBuildFile; fileRef = DD78B0E5267CDA4E00B892DF /* Main.storyboard */; };
		DD78B0E9267CDA6300B892DF /* Assets.xcassets in Resources */ = {isa = PBXBuildFile; fileRef = DD78B0E8267CDA6300B892DF /* Assets.xcassets */; };
		DD78B0EC267CDA6300B892DF /* LaunchScreen.storyboard in Resources */ = {isa = PBXBuildFile; fileRef = DD78B0EA267CDA6300B892DF /* LaunchScreen.storyboard */; };
		DD78B0F4267CDC0E00B892DF /* ProfileView.xib in Resources */ = {isa = PBXBuildFile; fileRef = DD78B0F3267CDC0E00B892DF /* ProfileView.xib */; };
		DD78B100267CEE1700B892DF /* ProfileView.swift in Sources */ = {isa = PBXBuildFile; fileRef = DD78B0FF267CEE1700B892DF /* ProfileView.swift */; };
		DD78B102267CF0A600B892DF /* Profile.storyboard in Resources */ = {isa = PBXBuildFile; fileRef = DD78B101267CF0A600B892DF /* Profile.storyboard */; };
		DD78B104267CF0E000B892DF /* ProfileViewController.swift in Sources */ = {isa = PBXBuildFile; fileRef = DD78B103267CF0E000B892DF /* ProfileViewController.swift */; };
/* End PBXBuildFile section */

/* Begin PBXFileReference section */
		DD78B0DC267CDA4E00B892DF /* Netology_IB_Instruments.app */ = {isa = PBXFileReference; explicitFileType = wrapper.application; includeInIndex = 0; path = Netology_IB_Instruments.app; sourceTree = BUILT_PRODUCTS_DIR; };
		DD78B0DF267CDA4E00B892DF /* AppDelegate.swift */ = {isa = PBXFileReference; lastKnownFileType = sourcecode.swift; path = AppDelegate.swift; sourceTree = "<group>"; };
		DD78B0E1267CDA4E00B892DF /* SceneDelegate.swift */ = {isa = PBXFileReference; lastKnownFileType = sourcecode.swift; path = SceneDelegate.swift; sourceTree = "<group>"; };
		DD78B0E3267CDA4E00B892DF /* ViewController.swift */ = {isa = PBXFileReference; lastKnownFileType = sourcecode.swift; path = ViewController.swift; sourceTree = "<group>"; };
		DD78B0E6267CDA4E00B892DF /* Base */ = {isa = PBXFileReference; lastKnownFileType = file.storyboard; name = Base; path = Base.lproj/Main.storyboard; sourceTree = "<group>"; };
		DD78B0E8267CDA6300B892DF /* Assets.xcassets */ = {isa = PBXFileReference; lastKnownFileType = folder.assetcatalog; path = Assets.xcassets; sourceTree = "<group>"; };
		DD78B0EB267CDA6300B892DF /* Base */ = {isa = PBXFileReference; lastKnownFileType = file.storyboard; name = Base; path = Base.lproj/LaunchScreen.storyboard; sourceTree = "<group>"; };
		DD78B0ED267CDA6300B892DF /* Info.plist */ = {isa = PBXFileReference; lastKnownFileType = text.plist.xml; path = Info.plist; sourceTree = "<group>"; };
		DD78B0F3267CDC0E00B892DF /* ProfileView.xib */ = {isa = PBXFileReference; lastKnownFileType = file.xib; path = ProfileView.xib; sourceTree = "<group>"; };
		DD78B0FF267CEE1700B892DF /* ProfileView.swift */ = {isa = PBXFileReference; lastKnownFileType = sourcecode.swift; path = ProfileView.swift; sourceTree = "<group>"; };
		DD78B101267CF0A600B892DF /* Profile.storyboard */ = {isa = PBXFileReference; lastKnownFileType = file.storyboard; path = Profile.storyboard; sourceTree = "<group>"; };
		DD78B103267CF0E000B892DF /* ProfileViewController.swift */ = {isa = PBXFileReference; lastKnownFileType = sourcecode.swift; path = ProfileViewController.swift; sourceTree = "<group>"; };
/* End PBXFileReference section */

/* Begin PBXFrameworksBuildPhase section */
		DD78B0D9267CDA4E00B892DF /* Frameworks */ = {
			isa = PBXFrameworksBuildPhase;
			buildActionMask = 2147483647;
			files = (
			);
			runOnlyForDeploymentPostprocessing = 0;
		};
/* End PBXFrameworksBuildPhase section */

/* Begin PBXGroup section */
		DD78B0D3267CDA4E00B892DF = {
			isa = PBXGroup;
			children = (
				DD78B0DE267CDA4E00B892DF /* Netology_IB_Instruments */,
				DD78B0DD267CDA4E00B892DF /* Products */,
			);
			sourceTree = "<group>";
		};
		DD78B0DD267CDA4E00B892DF /* Products */ = {
			isa = PBXGroup;
			children = (
				DD78B0DC267CDA4E00B892DF /* Netology_IB_Instruments.app */,
			);
			name = Products;
			sourceTree = "<group>";
		};
		DD78B0DE267CDA4E00B892DF /* Netology_IB_Instruments */ = {
			isa = PBXGroup;
			children = (
				DD78B0DF267CDA4E00B892DF /* AppDelegate.swift */,
				DD78B0E1267CDA4E00B892DF /* SceneDelegate.swift */,
				DD78B0E3267CDA4E00B892DF /* ViewController.swift */,
				DD78B0E5267CDA4E00B892DF /* Main.storyboard */,
				DD78B0E8267CDA6300B892DF /* Assets.xcassets */,
				DD78B0EA267CDA6300B892DF /* LaunchScreen.storyboard */,
				DD78B0ED267CDA6300B892DF /* Info.plist */,
				DD78B0F3267CDC0E00B892DF /* ProfileView.xib */,
				DD78B0FF267CEE1700B892DF /* ProfileView.swift */,
				DD78B101267CF0A600B892DF /* Profile.storyboard */,
				DD78B103267CF0E000B892DF /* ProfileViewController.swift */,
			);
			path = Netology_IB_Instruments;
			sourceTree = "<group>";
		};
/* End PBXGroup section */

/* Begin PBXNativeTarget section */
		DD78B0DB267CDA4E00B892DF /* Netology_IB_Instruments */ = {
			isa = PBXNativeTarget;
			buildConfigurationList = DD78B0F0267CDA6300B892DF /* Build configuration list for PBXNativeTarget "Netology_IB_Instruments" */;
			buildPhases = (
				DD78B0D8267CDA4E00B892DF /* Sources */,
				DD78B0D9267CDA4E00B892DF /* Frameworks */,
				DD78B0DA267CDA4E00B892DF /* Resources */,
			);
			buildRules = (
			);
			dependencies = (
			);
			name = Netology_IB_Instruments;
			productName = Netology_IB_Instruments;
			productReference = DD78B0DC267CDA4E00B892DF /* Netology_IB_Instruments.app */;
			productType = "com.apple.product-type.application";
		};
/* End PBXNativeTarget section */

/* Begin PBXProject section */
		DD78B0D4267CDA4E00B892DF /* Project object */ = {
			isa = PBXProject;
			attributes = {
				LastSwiftUpdateCheck = 1250;
				LastUpgradeCheck = 1250;
				TargetAttributes = {
					DD78B0DB267CDA4E00B892DF = {
						CreatedOnToolsVersion = 12.5;
					};
				};
			};
			buildConfigurationList = DD78B0D7267CDA4E00B892DF /* Build configuration list for PBXProject "Netology_IB_Instruments" */;
			compatibilityVersion = "Xcode 9.3";
			developmentRegion = en;
			hasScannedForEncodings = 0;
			knownRegions = (
				en,
				Base,
			);
			mainGroup = DD78B0D3267CDA4E00B892DF;
			productRefGroup = DD78B0DD267CDA4E00B892DF /* Products */;
			projectDirPath = "";
			projectRoot = "";
			targets = (
				DD78B0DB267CDA4E00B892DF /* Netology_IB_Instruments */,
			);
		};
/* End PBXProject section */

/* Begin PBXResourcesBuildPhase section */
		DD78B0DA267CDA4E00B892DF /* Resources */ = {
			isa = PBXResourcesBuildPhase;
			buildActionMask = 2147483647;
			files = (
				DD78B0F4267CDC0E00B892DF /* ProfileView.xib in Resources */,
				DD78B0EC267CDA6300B892DF /* LaunchScreen.storyboard in Resources */,
				DD78B102267CF0A600B892DF /* Profile.storyboard in Resources */,
				DD78B0E9267CDA6300B892DF /* Assets.xcassets in Resources */,
				DD78B0E7267CDA4E00B892DF /* Main.storyboard in Resources */,
			);
			runOnlyForDeploymentPostprocessing = 0;
		};
/* End PBXResourcesBuildPhase section */

/* Begin PBXSourcesBuildPhase section */
		DD78B0D8267CDA4E00B892DF /* Sources */ = {
			isa = PBXSourcesBuildPhase;
			buildActionMask = 2147483647;
			files = (
				DD78B100267CEE1700B892DF /* ProfileView.swift in Sources */,
				DD78B0E4267CDA4E00B892DF /* ViewController.swift in Sources */,
				DD78B104267CF0E000B892DF /* ProfileViewController.swift in Sources */,
				DD78B0E0267CDA4E00B892DF /* AppDelegate.swift in Sources */,
				DD78B0E2267CDA4E00B892DF /* SceneDelegate.swift in Sources */,
			);
			runOnlyForDeploymentPostprocessing = 0;
		};
/* End PBXSourcesBuildPhase section */

/* Begin PBXVariantGroup section */
		DD78B0E5267CDA4E00B892DF /* Main.storyboard */ = {
			isa = PBXVariantGroup;
			children = (
				DD78B0E6267CDA4E00B892DF /* Base */,
			);
			name = Main.storyboard;
			sourceTree = "<group>";
		};
		DD78B0EA267CDA6300B892DF /* LaunchScreen.storyboard */ = {
			isa = PBXVariantGroup;
			children = (
				DD78B0EB267CDA6300B892DF /* Base */,
			);
			name = LaunchScreen.storyboard;
			sourceTree = "<group>";
		};
/* End PBXVariantGroup section */

/* Begin XCBuildConfiguration section */
		DD78B0EE267CDA6300B892DF /* Debug */ = {
			isa = XCBuildConfiguration;
			buildSettings = {
				ALWAYS_SEARCH_USER_PATHS = NO;
				CLANG_ANALYZER_NONNULL = YES;
				CLANG_ANALYZER_NUMBER_OBJECT_CONVERSION = YES_AGGRESSIVE;
				CLANG_CXX_LANGUAGE_STANDARD = "gnu++14";
				CLANG_CXX_LIBRARY = "libc++";
				CLANG_ENABLE_MODULES = YES;
				CLANG_ENABLE_OBJC_ARC = YES;
				CLANG_ENABLE_OBJC_WEAK = YES;
				CLANG_WARN_BLOCK_CAPTURE_AUTORELEASING = YES;
				CLANG_WARN_BOOL_CONVERSION = YES;
				CLANG_WARN_COMMA = YES;
				CLANG_WARN_CONSTANT_CONVERSION = YES;
				CLANG_WARN_DEPRECATED_OBJC_IMPLEMENTATIONS = YES;
				CLANG_WARN_DIRECT_OBJC_ISA_USAGE = YES_ERROR;
				CLANG_WARN_DOCUMENTATION_COMMENTS = YES;
				CLANG_WARN_EMPTY_BODY = YES;
				CLANG_WARN_ENUM_CONVERSION = YES;
				CLANG_WARN_INFINITE_RECURSION = YES;
				CLANG_WARN_INT_CONVERSION = YES;
				CLANG_WARN_NON_LITERAL_NULL_CONVERSION = YES;
				CLANG_WARN_OBJC_IMPLICIT_RETAIN_SELF = YES;
				CLANG_WARN_OBJC_LITERAL_CONVERSION = YES;
				CLANG_WARN_OBJC_ROOT_CLASS = YES_ERROR;
				CLANG_WARN_QUOTED_INCLUDE_IN_FRAMEWORK_HEADER = YES;
				CLANG_WARN_RANGE_LOOP_ANALYSIS = YES;
				CLANG_WARN_STRICT_PROTOTYPES = YES;
				CLANG_WARN_SUSPICIOUS_MOVE = YES;
				CLANG_WARN_UNGUARDED_AVAILABILITY = YES_AGGRESSIVE;
				CLANG_WARN_UNREACHABLE_CODE = YES;
				CLANG_WARN__DUPLICATE_METHOD_MATCH = YES;
				COPY_PHASE_STRIP = NO;
				DEBUG_INFORMATION_FORMAT = dwarf;
				ENABLE_STRICT_OBJC_MSGSEND = YES;
				ENABLE_TESTABILITY = YES;
				GCC_C_LANGUAGE_STANDARD = gnu11;
				GCC_DYNAMIC_NO_PIC = NO;
				GCC_NO_COMMON_BLOCKS = YES;
				GCC_OPTIMIZATION_LEVEL = 0;
				GCC_PREPROCESSOR_DEFINITIONS = (
					"DEBUG=1",
					"$(inherited)",
				);
				GCC_WARN_64_TO_32_BIT_CONVERSION = YES;
				GCC_WARN_ABOUT_RETURN_TYPE = YES_ERROR;
				GCC_WARN_UNDECLARED_SELECTOR = YES;
				GCC_WARN_UNINITIALIZED_AUTOS = YES_AGGRESSIVE;
				GCC_WARN_UNUSED_FUNCTION = YES;
				GCC_WARN_UNUSED_VARIABLE = YES;
				IPHONEOS_DEPLOYMENT_TARGET = 14.5;
				MTL_ENABLE_DEBUG_INFO = INCLUDE_SOURCE;
				MTL_FAST_MATH = YES;
				ONLY_ACTIVE_ARCH = YES;
				SDKROOT = iphoneos;
				SWIFT_ACTIVE_COMPILATION_CONDITIONS = DEBUG;
				SWIFT_OPTIMIZATION_LEVEL = "-Onone";
			};
			name = Debug;
		};
		DD78B0EF267CDA6300B892DF /* Release */ = {
			isa = XCBuildConfiguration;
			buildSettings = {
				ALWAYS_SEARCH_USER_PATHS = NO;
				CLANG_ANALYZER_NONNULL = YES;
				CLANG_ANALYZER_NUMBER_OBJECT_CONVERSION = YES_AGGRESSIVE;
				CLANG_CXX_LANGUAGE_STANDARD = "gnu++14";
				CLANG_CXX_LIBRARY = "libc++";
				CLANG_ENABLE_MODULES = YES;
				CLANG_ENABLE_OBJC_ARC = YES;
				CLANG_ENABLE_OBJC_WEAK = YES;
				CLANG_WARN_BLOCK_CAPTURE_AUTORELEASING = YES;
				CLANG_WARN_BOOL_CONVERSION = YES;
				CLANG_WARN_COMMA = YES;
				CLANG_WARN_CONSTANT_CONVERSION = YES;
				CLANG_WARN_DEPRECATED_OBJC_IMPLEMENTATIONS = YES;
				CLANG_WARN_DIRECT_OBJC_ISA_USAGE = YES_ERROR;
				CLANG_WARN_DOCUMENTATION_COMMENTS = YES;
				CLANG_WARN_EMPTY_BODY = YES;
				CLANG_WARN_ENUM_CONVERSION = YES;
				CLANG_WARN_INFINITE_RECURSION = YES;
				CLANG_WARN_INT_CONVERSION = YES;
				CLANG_WARN_NON_LITERAL_NULL_CONVERSION = YES;
				CLANG_WARN_OBJC_IMPLICIT_RETAIN_SELF = YES;
				CLANG_WARN_OBJC_LITERAL_CONVERSION = YES;
				CLANG_WARN_OBJC_ROOT_CLASS = YES_ERROR;
				CLANG_WARN_QUOTED_INCLUDE_IN_FRAMEWORK_HEADER = YES;
				CLANG_WARN_RANGE_LOOP_ANALYSIS = YES;
				CLANG_WARN_STRICT_PROTOTYPES = YES;
				CLANG_WARN_SUSPICIOUS_MOVE = YES;
				CLANG_WARN_UNGUARDED_AVAILABILITY = YES_AGGRESSIVE;
				CLANG_WARN_UNREACHABLE_CODE = YES;
				CLANG_WARN__DUPLICATE_METHOD_MATCH = YES;
				COPY_PHASE_STRIP = NO;
				DEBUG_INFORMATION_FORMAT = "dwarf-with-dsym";
				ENABLE_NS_ASSERTIONS = NO;
				ENABLE_STRICT_OBJC_MSGSEND = YES;
				GCC_C_LANGUAGE_STANDARD = gnu11;
				GCC_NO_COMMON_BLOCKS = YES;
				GCC_WARN_64_TO_32_BIT_CONVERSION = YES;
				GCC_WARN_ABOUT_RETURN_TYPE = YES_ERROR;
				GCC_WARN_UNDECLARED_SELECTOR = YES;
				GCC_WARN_UNINITIALIZED_AUTOS = YES_AGGRESSIVE;
				GCC_WARN_UNUSED_FUNCTION = YES;
				GCC_WARN_UNUSED_VARIABLE = YES;
				IPHONEOS_DEPLOYMENT_TARGET = 14.5;
				MTL_ENABLE_DEBUG_INFO = NO;
				MTL_FAST_MATH = YES;
				SDKROOT = iphoneos;
				SWIFT_COMPILATION_MODE = wholemodule;
				SWIFT_OPTIMIZATION_LEVEL = "-O";
				VALIDATE_PRODUCT = YES;
			};
			name = Release;
		};
		DD78B0F1267CDA6300B892DF /* Debug */ = {
			isa = XCBuildConfiguration;
			buildSettings = {
				ASSETCATALOG_COMPILER_APPICON_NAME = AppIcon;
				ASSETCATALOG_COMPILER_GLOBAL_ACCENT_COLOR_NAME = AccentColor;
				CODE_SIGN_STYLE = Automatic;
				DEVELOPMENT_TEAM = 5TG5K6FF46;
				INFOPLIST_FILE = Netology_IB_Instruments/Info.plist;
				LD_RUNPATH_SEARCH_PATHS = (
					"$(inherited)",
					"@executable_path/Frameworks",
				);
				PRODUCT_BUNDLE_IDENTIFIER = "Zubkov.Netology-IB-Instruments";
				PRODUCT_NAME = "$(TARGET_NAME)";
				SWIFT_VERSION = 5.0;
				TARGETED_DEVICE_FAMILY = "1,2";
			};
			name = Debug;
		};
		DD78B0F2267CDA6300B892DF /* Release */ = {
			isa = XCBuildConfiguration;
			buildSettings = {
				ASSETCATALOG_COMPILER_APPICON_NAME = AppIcon;
				ASSETCATALOG_COMPILER_GLOBAL_ACCENT_COLOR_NAME = AccentColor;
				CODE_SIGN_STYLE = Automatic;
				DEVELOPMENT_TEAM = 5TG5K6FF46;
				INFOPLIST_FILE = Netology_IB_Instruments/Info.plist;
				LD_RUNPATH_SEARCH_PATHS = (
					"$(inherited)",
					"@executable_path/Frameworks",
				);
				PRODUCT_BUNDLE_IDENTIFIER = "Zubkov.Netology-IB-Instruments";
				PRODUCT_NAME = "$(TARGET_NAME)";
				SWIFT_VERSION = 5.0;
				TARGETED_DEVICE_FAMILY = "1,2";
			};
			name = Release;
		};
/* End XCBuildConfiguration section */

/* Begin XCConfigurationList section */
		DD78B0D7267CDA4E00B892DF /* Build configuration list for PBXProject "Netology_IB_Instruments" */ = {
			isa = XCConfigurationList;
			buildConfigurations = (
				DD78B0EE267CDA6300B892DF /* Debug */,
				DD78B0EF267CDA6300B892DF /* Release */,
			);
			defaultConfigurationIsVisible = 0;
			defaultConfigurationName = Release;
		};
		DD78B0F0267CDA6300B892DF /* Build configuration list for PBXNativeTarget "Netology_IB_Instruments" */ = {
			isa = XCConfigurationList;
			buildConfigurations = (
				DD78B0F1267CDA6300B892DF /* Debug */,
				DD78B0F2267CDA6300B892DF /* Release */,
			);
			defaultConfigurationIsVisible = 0;
			defaultConfigurationName = Release;
		};
/* End XCConfigurationList section */
	};
	rootObject = DD78B0D4267CDA4E00B892DF /* Project object */;
}
